
Microsoft Visual Studio Solution File, Format Version 12.00
# Visual Studio Version 17
VisualStudioVersion = 17.14.36203.30 d17.14
MinimumVisualStudioVersion = 10.0.40219.1
Project("{FAE04EC0-301F-11D3-BF4B-00C04F79EFBC}") = "PP1", "PP1\PP1.csproj", "{0D66161E-976E-410C-9B60-138B8104FA70}"
EndProject
Global
	GlobalSection(SolutionConfigurationPlatforms) = preSolution
		Debug|Any CPU = Debug|Any CPU
		Release|Any CPU = Release|Any CPU
	EndGlobalSection
	GlobalSection(ProjectConfigurationPlatforms) = postSolution
		{0D66161E-976E-410C-9B60-138B8104FA70}.Debug|Any CPU.ActiveCfg = Debug|Any CPU
		{0D66161E-976E-410C-9B60-138B8104FA70}.Debug|Any CPU.Build.0 = Debug|Any CPU
		{0D66161E-976E-410C-9B60-138B8104FA70}.Release|Any CPU.ActiveCfg = Release|Any CPU
		{0D66161E-976E-410C-9B60-138B8104FA70}.Release|Any CPU.Build.0 = Release|Any CPU
	EndGlobalSection
	GlobalSection(SolutionProperties) = preSolution
		HideSolutionNode = FALSE
	EndGlobalSection
	GlobalSection(ExtensibilityGlobals) = postSolution
		SolutionGuid = {6E0CC7CC-3E1A-498B-96CE-CD31D67183CC}
	EndGlobalSection
EndGlobal
